{
    "name": "helloworld-minimal-sample",
    "version": "2.0.1",
    "lockfileVersion": 1,
    "requires": true,
    "dependencies": {
        "@types/vscode": {
            "version": "1.36.0",
            "resolved": "https://registry.npmjs.org/@types/vscode/-/vscode-1.36.0.tgz",
            "integrity": "sha512-SbHR3Q5g/C3N+Ila3KrRf1rSZiyHxWdOZ7X3yFHXzw6HrvRLuVZrxnwEX0lTBMRpH9LkwZdqRTgXW+D075jxkg==",
            "dev": true
        },
        "liquidjs": {
            "version": "10.0.0",
            "resolved": "https://registry.npmjs.org/liquidjs/-/liquidjs-10.0.0.tgz",
            "integrity": "sha512-uY3fKqBSRmnat0wB5qWk0W5N5iT78OUhuIXNRiMfhYQ3p35al9mEWKQ68/Z+WD54V2upaxEM8nHaZ6o1B8WCMA=="
        }
    }
}
